
Microsoft Visual Studio Solution File, Format Version 12.00
# Visual Studio Version 17
VisualStudioVersion = 17.2.32602.215
MinimumVisualStudioVersion = 10.0.40219.1
Project("{FAE04EC0-301F-11D3-BF4B-00C04F79EFBC}") = "DesignPatterns", "DesignPatterns\DesignPatterns.csproj", "{32957EC0-BCB8-4E1A-956A-007B801A0E0B}"
EndProject
Global
	GlobalSection(SolutionConfigurationPlatforms) = preSolution
		Debug|Any CPU = Debug|Any CPU
		Release|Any CPU = Release|Any CPU
	EndGlobalSection
	GlobalSection(ProjectConfigurationPlatforms) = postSolution
		{32957EC0-BCB8-4E1A-956A-007B801A0E0B}.Debug|Any CPU.ActiveCfg = Debug|Any CPU
		{32957EC0-BCB8-4E1A-956A-007B801A0E0B}.Debug|Any CPU.Build.0 = Debug|Any CPU
		{32957EC0-BCB8-4E1A-956A-007B801A0E0B}.Release|Any CPU.ActiveCfg = Release|Any CPU
		{32957EC0-BCB8-4E1A-956A-007B801A0E0B}.Release|Any CPU.Build.0 = Release|Any CPU
	EndGlobalSection
	GlobalSection(SolutionProperties) = preSolution
		HideSolutionNode = FALSE
	EndGlobalSection
	GlobalSection(ExtensibilityGlobals) = postSolution
		SolutionGuid = {CC800E38-54B7-46F5-9EFF-A4D4F9320FB3}
	EndGlobalSection
EndGlobal
